
Microsoft Visual Studio Solution File, Format Version 12.00
Project("{FAE04EC0-301F-11D3-BF4B-00C04F79EFBC}") = "FormsTask7", "FormsTask7\FormsTask7.csproj", "{DCBB7780-540E-4914-AB4F-4DED5213126F}"
EndProject
Global
	GlobalSection(SolutionConfigurationPlatforms) = preSolution
		Debug|Any CPU = Debug|Any CPU
		Release|Any CPU = Release|Any CPU
	EndGlobalSection
	GlobalSection(ProjectConfigurationPlatforms) = postSolution
		{DCBB7780-540E-4914-AB4F-4DED5213126F}.Debug|Any CPU.ActiveCfg = Debug|Any CPU
		{DCBB7780-540E-4914-AB4F-4DED5213126F}.Debug|Any CPU.Build.0 = Debug|Any CPU
		{DCBB7780-540E-4914-AB4F-4DED5213126F}.Release|Any CPU.ActiveCfg = Release|Any CPU
		{DCBB7780-540E-4914-AB4F-4DED5213126F}.Release|Any CPU.Build.0 = Release|Any CPU
	EndGlobalSection
EndGlobal
