
Microsoft Visual Studio Solution File, Format Version 12.00
Project("{FAE04EC0-301F-11D3-BF4B-00C04F79EFBC}") = "FormsTask8", "FormsTask8\FormsTask8.csproj", "{A96905B6-8B15-40AF-A590-AEF81EA33F76}"
EndProject
Global
	GlobalSection(SolutionConfigurationPlatforms) = preSolution
		Debug|Any CPU = Debug|Any CPU
		Release|Any CPU = Release|Any CPU
	EndGlobalSection
	GlobalSection(ProjectConfigurationPlatforms) = postSolution
		{A96905B6-8B15-40AF-A590-AEF81EA33F76}.Debug|Any CPU.ActiveCfg = Debug|Any CPU
		{A96905B6-8B15-40AF-A590-AEF81EA33F76}.Debug|Any CPU.Build.0 = Debug|Any CPU
		{A96905B6-8B15-40AF-A590-AEF81EA33F76}.Release|Any CPU.ActiveCfg = Release|Any CPU
		{A96905B6-8B15-40AF-A590-AEF81EA33F76}.Release|Any CPU.Build.0 = Release|Any CPU
	EndGlobalSection
EndGlobal
